
Microsoft Visual Studio Solution File, Format Version 12.00
# Visual Studio Version 17
VisualStudioVersion = 17.4.33403.182
MinimumVisualStudioVersion = 10.0.40219.1
Project("{FAE04EC0-301F-11D3-BF4B-00C04F79EFBC}") = "quanlycaffe", "WindowsFormsApp1\quanlycaffe.csproj", "{64D2BFB0-DA09-4AAE-A6F5-5D6E51ADFA4B}"
EndProject
Global
	GlobalSection(SolutionConfigurationPlatforms) = preSolution
		Debug|Any CPU = Debug|Any CPU
		Release|Any CPU = Release|Any CPU
	EndGlobalSection
	GlobalSection(ProjectConfigurationPlatforms) = postSolution
		{64D2BFB0-DA09-4AAE-A6F5-5D6E51ADFA4B}.Debug|Any CPU.ActiveCfg = Debug|Any CPU
		{64D2BFB0-DA09-4AAE-A6F5-5D6E51ADFA4B}.Debug|Any CPU.Build.0 = Debug|Any CPU
		{64D2BFB0-DA09-4AAE-A6F5-5D6E51ADFA4B}.Release|Any CPU.ActiveCfg = Release|Any CPU
		{64D2BFB0-DA09-4AAE-A6F5-5D6E51ADFA4B}.Release|Any CPU.Build.0 = Release|Any CPU
	EndGlobalSection
	GlobalSection(SolutionProperties) = preSolution
		HideSolutionNode = FALSE
	EndGlobalSection
	GlobalSection(ExtensibilityGlobals) = postSolution
		SolutionGuid = {F6A776AF-8F4B-456D-9F0F-BA7868C250CA}
	EndGlobalSection
EndGlobal
